
Microsoft Visual Studio Solution File, Format Version 12.00
# Visual Studio 15
VisualStudioVersion = 15.0.27130.2010
MinimumVisualStudioVersion = 10.0.40219.1
Project("{FAE04EC0-301F-11D3-BF4B-00C04F79EFBC}") = "MyFirstChallenge", "FortuneTeller\MyFirstChallenge.csproj", "{533B25EF-40D9-40A8-99F3-821E8483784C}"
EndProject
Global
	GlobalSection(SolutionConfigurationPlatforms) = preSolution
		Debug|Any CPU = Debug|Any CPU
		Release|Any CPU = Release|Any CPU
	EndGlobalSection
	GlobalSection(ProjectConfigurationPlatforms) = postSolution
		{533B25EF-40D9-40A8-99F3-821E8483784C}.Debug|Any CPU.ActiveCfg = Debug|Any CPU
		{533B25EF-40D9-40A8-99F3-821E8483784C}.Debug|Any CPU.Build.0 = Debug|Any CPU
		{533B25EF-40D9-40A8-99F3-821E8483784C}.Release|Any CPU.ActiveCfg = Release|Any CPU
		{533B25EF-40D9-40A8-99F3-821E8483784C}.Release|Any CPU.Build.0 = Release|Any CPU
	EndGlobalSection
	GlobalSection(SolutionProperties) = preSolution
		HideSolutionNode = FALSE
	EndGlobalSection
	GlobalSection(ExtensibilityGlobals) = postSolution
		SolutionGuid = {734BDDB8-6229-4F47-8F2E-F928F91200B2}
	EndGlobalSection
EndGlobal
